
Microsoft Visual Studio Solution File, Format Version 12.00
# Visual Studio Version 17
VisualStudioVersion = 17.9.34622.214
MinimumVisualStudioVersion = 10.0.40219.1
Project("{FAE04EC0-301F-11D3-BF4B-00C04F79EFBC}") = "G06_DBI_CutCoordination", "G06_DBI_CutCoordination.csproj", "{E8D5FEA3-A97C-4DDA-9F98-420A3BEF53BF}"
EndProject
Global
	GlobalSection(SolutionConfigurationPlatforms) = preSolution
		Debug|Any CPU = Debug|Any CPU
		Release|Any CPU = Release|Any CPU
	EndGlobalSection
	GlobalSection(ProjectConfigurationPlatforms) = postSolution
		{E8D5FEA3-A97C-4DDA-9F98-420A3BEF53BF}.Debug|Any CPU.ActiveCfg = Debug|Any CPU
		{E8D5FEA3-A97C-4DDA-9F98-420A3BEF53BF}.Debug|Any CPU.Build.0 = Debug|Any CPU
		{E8D5FEA3-A97C-4DDA-9F98-420A3BEF53BF}.Release|Any CPU.ActiveCfg = Release|Any CPU
		{E8D5FEA3-A97C-4DDA-9F98-420A3BEF53BF}.Release|Any CPU.Build.0 = Release|Any CPU
	EndGlobalSection
	GlobalSection(SolutionProperties) = preSolution
		HideSolutionNode = FALSE
	EndGlobalSection
	GlobalSection(ExtensibilityGlobals) = postSolution
		SolutionGuid = {12B9C568-FCF7-474C-9134-9226F2EDAB7B}
	EndGlobalSection
EndGlobal
